
Microsoft Visual Studio Solution File, Format Version 12.00
# Visual Studio 15
VisualStudioVersion = 15.0.28307.572
MinimumVisualStudioVersion = 10.0.40219.1
Project("{FAE04EC0-301F-11D3-BF4B-00C04F79EFBC}") = "GrafikPracy", "GrafikPracy\GrafikPracy.csproj", "{36CDA043-DB61-429C-B161-49F863FE7450}"
EndProject
Global
	GlobalSection(SolutionConfigurationPlatforms) = preSolution
		Debug|Any CPU = Debug|Any CPU
		Release|Any CPU = Release|Any CPU
	EndGlobalSection
	GlobalSection(ProjectConfigurationPlatforms) = postSolution
		{36CDA043-DB61-429C-B161-49F863FE7450}.Debug|Any CPU.ActiveCfg = Debug|Any CPU
		{36CDA043-DB61-429C-B161-49F863FE7450}.Debug|Any CPU.Build.0 = Debug|Any CPU
		{36CDA043-DB61-429C-B161-49F863FE7450}.Release|Any CPU.ActiveCfg = Release|Any CPU
		{36CDA043-DB61-429C-B161-49F863FE7450}.Release|Any CPU.Build.0 = Release|Any CPU
	EndGlobalSection
	GlobalSection(SolutionProperties) = preSolution
		HideSolutionNode = FALSE
	EndGlobalSection
	GlobalSection(ExtensibilityGlobals) = postSolution
		SolutionGuid = {A0EAB424-0148-4D4A-86D0-C924BE1DD484}
	EndGlobalSection
EndGlobal
